{
  "version": 4,
  "terraform_version": "1.1.6",
  "serial": 24,
  "lineage": "7d3a8f5c-1da9-dc86-61e7-f28b87db733e",
  "outputs": {
    "jenkins_ip": {
      "value": "165.227.187.164",
      "type": "string"
    }
  },
  "resources": [
    {
      "mode": "data",
      "type": "digitalocean_ssh_key",
      "name": "ssh_key",
      "provider": "provider[\"registry.terraform.io/digitalocean/digitalocean\"]",
      "instances": [
        {
          "schema_version": 0,
          "attributes": {
            "fingerprint": "27:44:1c:ea:70:f2:b1:b7:ca:ab:ee:ed:33:0a:54:d8",
            "id": 36545956,
            "name": "jornada",
            "public_key": "ssh-rsa restrito"
          },
          "sensitive_attributes": []
        }
      ]
    },
    {
      "mode": "managed",
      "type": "digitalocean_droplet",
      "name": "jenkins",
      "provider": "provider[\"registry.terraform.io/digitalocean/digitalocean\"]",
      "instances": [
        {
          "schema_version": 1,
          "attributes": {
            "backups": false,
            "created_at": "2022-10-21T04:26:23Z",
            "disk": 60,
            "droplet_agent": null,
            "graceful_shutdown": false,
            "id": "322152473",
            "image": "ubuntu-22-04-x64",
            "ipv4_address": "165.227.187.164",
            "ipv4_address_private": "10.108.0.2",
            "ipv6": false,
            "ipv6_address": "",
            "locked": false,
            "memory": 2048,
            "monitoring": false,
            "name": "jenkins-vm",
            "price_hourly": 0.02679,
            "price_monthly": 18,
            "private_networking": true,
            "region": "nyc3",
            "resize_disk": true,
            "size": "s-2vcpu-2gb",
            "ssh_keys": [
              "36545956"
            ],
            "status": "active",
            "tags": [],
            "timeouts": null,
            "urn": "do:droplet:322152473",
            "user_data": null,
            "vcpus": 2,
            "volume_ids": [],
            "vpc_uuid": "efd21eee-ba7a-411b-8fbe-a650b4e5a7e2"
          },
          "sensitive_attributes": [],
          "private": "restrito=",
          "dependencies": [
            "data.digitalocean_ssh_key.ssh_key"
          ]
        }
      ]
    },
    {
      "mode": "managed",
      "type": "digitalocean_kubernetes_cluster",
      "name": "ks8",
      "provider": "provider[\"registry.terraform.io/digitalocean/digitalocean\"]",
      "instances": [
        {
          "schema_version": 3,
          "attributes": {
            "auto_upgrade": false,
            "cluster_subnet": "10.244.0.0/16",
            "created_at": "2022-10-21 04:26:25 +0000 UTC",
            "endpoint": "https://df6fbf50-04c4-453a-8f1c-3a6d2c38e6a7.k8s.ondigitalocean.com",
            "ha": false,
            "id": "df6fbf50-04c4-453a-8f1c-3a6d2c38e6a7",
            "ipv4_address": "",
            "kube_config": [
              {
                "client_certificate": "",
                "client_key": "",
                "cluster_ca_certificate": "K",
                "expires_at": "2022-10-28T04:31:15Z",
                "host": "https://df6fbf50-04c4-453a-8f1c-3a6d2c38e6a7.k8s.ondigitalocean.com",
                "raw_config": "apiVersion: v1\nkind: Config\nclusters:\n- cluster:\n    certificate-authority-data: LS0tLS1CRUdJTiBDRVJUSUZJQ0FURS0tLS0tCk1JSURKekNDQWcrZ0F3SUJBZ0lDQm5Vd0RRWUpLb1pJaHZjTkFRRUxCUUF3TXpFVk1CTUdBMVVFQ2hNTVJHbG4KYVhSaGJFOWpaV0Z1TVJvd0dBWURWUVFERXhGck9ITmhZWE1nUTJ4MWMzUmxjaUJEUVRBZUZ3MHlNakV3TWpFdwpOREkyTWpkYUZ3MDBNakV3TWpFd05ESTJNamRhTURNeEZUQVRCZ05WQkFvVERFUnBaMmwwWVd4UFkyVmhiakVhCk1CZ0dBMVVFQXhNUmF6aHpZV0Z6SUVOc2RYTjBaWElnUTBFd2dnRWlNQTBHQ1NxR1NJYjNEUUVCQVFVQUE0SUIKRHdBd2dnRUtBb0lCQVFEQUxVNnRxdXY1QTdMZG5GRzBiVVJmbi9XZjdZaFd2NHdHekpJcWxCaUNRTGxWSG9ObApkMnRQVEU2bjdBZ292UDF6bnNFNGpwZXpwTy9mVVZpcUFxMkFKU2RDK1NVT3JaK0dMM0dPRDJmNnRYNlBjeHk4CkZHRlFpdDhiSytVcXoxbXp0aFlOSi8rWnEvK3dnMWp4TjkvYWk2UGw5TUdrUlFiU0xnVkFMMlFma1hqSVRxWmsKWmErQmMvMSsxM0ZXd25TK3dLc1VzMTNBT3p1VDhGNDNNOXdIa3BsM096MTNLVVhGREJ3dkF4TWphYks3TE80dQpoYXdwL0gvZWk5NSsrL2hKZkFvZCs4VmdlVitGbTgxcUpQbTUvRGJjRk50ZUVyZk9JYlA4eWhqS2VaMnI0Yk5qCkd3VFZIaHRSaGFCZWFBOUxxajRXZE9wTjF5VnJZUzRTRHNYM0FnTUJBQUdqUlRCRE1BNEdBMVVkRHdFQi93UUUKQXdJQmhqQVNCZ05WSFJNQkFmOEVDREFHQVFIL0FnRUFNQjBHQTFVZERnUVdCQlFjYW5aVmIyWHZOTHAzM1kvaApIYTNvQVhaZTVUQU5CZ2txaGtpRzl3MEJBUXNGQUFPQ0FRRUFWK3JKQzJvWnJqOE9oTzZ5eERjQlVmVWQ3QitTCmlnUkYwaExBQ1hCQ3pFK201dHZFbk1ESGV2d0RkUXJLZk5xekFnZzZacnNWS3dvTWtxNzFWV1h0K29VQ3V3YlcKWHRKT0hJUGQxUnRFM1J6OUdGQ3YyeDVNakMxY25QUlNubHJ5dXozWG5kYmZzYVVHTHcrejhJZ3ZLNm9nNmVSZgovdWdwRnlVdG9xNFpLcnJyVEJvK2lxZlE3aW83YVJJSW5IeGkweVF2OEtBWDBIT1NEdWxna1ZiMjZHcytZeFMxCm56ZE5tUExsUnRlQUdYK3FJRTc4WFpFc0t3V25tOVdtNmxtVlNFMDlKa2kyNUpLeWJpbXFxdFVIVi9jQlZVM1MKVlpPZ1ErajFNRlM1ZE1VdGRLNG9sNUQ5MUtSTUJPcGZPcC9kWG4xWm85SEptVXBDMmVtQ1pybDRGZz09Ci0tLS0tRU5EIENFUlRJRklDQVRFLS0tLS0K\n    server: https://df6fbf50-04c4-453a-8f1c-3a6d2c38e6a7.k8s.ondigitalocean.com\n  name: do-nyc3-k8s\ncontexts:\n- context:\n    cluster: do-nyc3-k8s\n    user: do-nyc3-k8s-admin\n  name: do-nyc3-k8s\ncurrent-context: do-nyc3-k8s\nusers:\n- name: do-nyc3-k8s-admin\n  user:\n    token: restrito\n",
                "token": "restrito"
              }
            ],
            "maintenance_policy": [
              {
                "day": "any",
                "duration": "4h0m0s",
                "start_time": "22:00"
              }
            ],
            "name": "k8s",
            "node_pool": [
              {
                "actual_node_count": 2,
                "auto_scale": false,
                "id": "99e40e48-83c1-4b70-9eca-c73e76384120",
                "labels": {},
                "max_nodes": 0,
                "min_nodes": 0,
                "name": "default",
                "node_count": 2,
                "nodes": [
                  {
                    "created_at": "2022-10-21 04:26:25 +0000 UTC",
                    "droplet_id": "322152542",
                    "id": "e7438e6f-5447-460d-b321-9132cc782880",
                    "name": "default-7v44m",
                    "status": "running",
                    "updated_at": "2022-10-21 04:27:49 +0000 UTC"
                  },
                  {
                    "created_at": "2022-10-21 04:26:25 +0000 UTC",
                    "droplet_id": "322152541",
                    "id": "7e3ab923-20fd-4f7a-9c2f-9cb36b84f3c9",
                    "name": "default-7v44q",
                    "status": "running",
                    "updated_at": "2022-10-21 04:27:49 +0000 UTC"
                  }
                ],
                "size": "s-2vcpu-2gb",
                "tags": [],
                "taint": []
              }
            ],
            "region": "nyc3",
            "service_subnet": "10.245.0.0/16",
            "status": "running",
            "surge_upgrade": true,
            "tags": [],
            "timeouts": null,
            "updated_at": "2022-10-21 04:31:08 +0000 UTC",
            "urn": "do:kubernetes:df6fbf50-04c4-453a-8f1c-3a6d2c38e6a7",
            "version": "1.24.4-do.0",
            "vpc_uuid": "efd21eee-ba7a-411b-8fbe-a650b4e5a7e2"
          },
          "sensitive_attributes": [],
          "private": "restrito"
        }
      ]
    }
  ]
}
